
Microsoft Visual Studio Solution File, Format Version 12.00
# Visual Studio Version 17
VisualStudioVersion = 17.14.36203.30
MinimumVisualStudioVersion = 10.0.40219.1
Project("{FAE04EC0-301F-11D3-BF4B-00C04F79EFBC}") = "AiLearningPlatform", "AiLearningPlatform\AiLearningPlatform.csproj", "{BB898D05-A740-4603-9866-D35B288E8635}"
EndProject
Project("{FAE04EC0-301F-11D3-BF4B-00C04F79EFBC}") = "DAL", "DAL\DAL.csproj", "{132F46D0-7137-4821-A212-33F02B843483}"
EndProject
Project("{FAE04EC0-301F-11D3-BF4B-00C04F79EFBC}") = "BL", "BL\BL.csproj", "{A19319EA-7F5F-46DC-8809-C04D393214C6}"
EndProject
Project("{FAE04EC0-301F-11D3-BF4B-00C04F79EFBC}") = "Entities", "Entities\Entities.csproj", "{BDF00D0F-4631-4548-B133-E9C0A70AE6F8}"
EndProject
Project("{2150E333-8FDC-42A3-9474-1A3956D46DE8}") = "Solution Items", "Solution Items", "{8EC462FD-D22E-90A8-E5CE-7E832BA40C5D}"
	ProjectSection(SolutionItems) = preProject
		.env = .env
	EndProjectSection
EndProject
Global
	GlobalSection(SolutionConfigurationPlatforms) = preSolution
		Debug|Any CPU = Debug|Any CPU
		Release|Any CPU = Release|Any CPU
	EndGlobalSection
	GlobalSection(ProjectConfigurationPlatforms) = postSolution
		{BB898D05-A740-4603-9866-D35B288E8635}.Debug|Any CPU.ActiveCfg = Debug|Any CPU
		{BB898D05-A740-4603-9866-D35B288E8635}.Debug|Any CPU.Build.0 = Debug|Any CPU
		{BB898D05-A740-4603-9866-D35B288E8635}.Release|Any CPU.ActiveCfg = Release|Any CPU
		{BB898D05-A740-4603-9866-D35B288E8635}.Release|Any CPU.Build.0 = Release|Any CPU
		{132F46D0-7137-4821-A212-33F02B843483}.Debug|Any CPU.ActiveCfg = Debug|Any CPU
		{132F46D0-7137-4821-A212-33F02B843483}.Debug|Any CPU.Build.0 = Debug|Any CPU
		{132F46D0-7137-4821-A212-33F02B843483}.Release|Any CPU.ActiveCfg = Release|Any CPU
		{132F46D0-7137-4821-A212-33F02B843483}.Release|Any CPU.Build.0 = Release|Any CPU
		{A19319EA-7F5F-46DC-8809-C04D393214C6}.Debug|Any CPU.ActiveCfg = Debug|Any CPU
		{A19319EA-7F5F-46DC-8809-C04D393214C6}.Debug|Any CPU.Build.0 = Debug|Any CPU
		{A19319EA-7F5F-46DC-8809-C04D393214C6}.Release|Any CPU.ActiveCfg = Release|Any CPU
		{A19319EA-7F5F-46DC-8809-C04D393214C6}.Release|Any CPU.Build.0 = Release|Any CPU
		{BDF00D0F-4631-4548-B133-E9C0A70AE6F8}.Debug|Any CPU.ActiveCfg = Debug|Any CPU
		{BDF00D0F-4631-4548-B133-E9C0A70AE6F8}.Debug|Any CPU.Build.0 = Debug|Any CPU
		{BDF00D0F-4631-4548-B133-E9C0A70AE6F8}.Release|Any CPU.ActiveCfg = Release|Any CPU
		{BDF00D0F-4631-4548-B133-E9C0A70AE6F8}.Release|Any CPU.Build.0 = Release|Any CPU
	EndGlobalSection
	GlobalSection(SolutionProperties) = preSolution
		HideSolutionNode = FALSE
	EndGlobalSection
	GlobalSection(ExtensibilityGlobals) = postSolution
		SolutionGuid = {A60F0883-0FD9-4542-8DE6-BC8CC92798DD}
	EndGlobalSection
EndGlobal
